
Microsoft Visual Studio Solution File, Format Version 12.00
# Visual Studio Express 2012 for Windows Desktop
Project("{8BC9CEB8-8B4A-11D0-8D11-00A0C91BC942}") = "Dijkstra", "Dijkstra\Dijkstra.vcxproj", "{FE44A5CF-F56E-4FF9-A675-FD72D1FF37E8}"
EndProject
Global
	GlobalSection(SolutionConfigurationPlatforms) = preSolution
		Debug|Win32 = Debug|Win32
		Release|Win32 = Release|Win32
	EndGlobalSection
	GlobalSection(ProjectConfigurationPlatforms) = postSolution
		{FE44A5CF-F56E-4FF9-A675-FD72D1FF37E8}.Debug|Win32.ActiveCfg = Debug|Win32
		{FE44A5CF-F56E-4FF9-A675-FD72D1FF37E8}.Debug|Win32.Build.0 = Debug|Win32
		{FE44A5CF-F56E-4FF9-A675-FD72D1FF37E8}.Release|Win32.ActiveCfg = Release|Win32
		{FE44A5CF-F56E-4FF9-A675-FD72D1FF37E8}.Release|Win32.Build.0 = Release|Win32
	EndGlobalSection
	GlobalSection(SolutionProperties) = preSolution
		HideSolutionNode = FALSE
	EndGlobalSection
EndGlobal
